
Microsoft Visual Studio Solution File, Format Version 12.00
# Visual Studio Version 17
VisualStudioVersion = 17.7.34024.191
MinimumVisualStudioVersion = 10.0.40219.1
Project("{FAE04EC0-301F-11D3-BF4B-00C04F79EFBC}") = "MarkTrainedAPI", "MarkTrainedAPI\MarkTrainedAPI.csproj", "{525CE3CD-5DCD-435A-AD82-5C9517BD61D6}"
EndProject
Global
	GlobalSection(SolutionConfigurationPlatforms) = preSolution
		Debug|Any CPU = Debug|Any CPU
		Release|Any CPU = Release|Any CPU
	EndGlobalSection
	GlobalSection(ProjectConfigurationPlatforms) = postSolution
		{525CE3CD-5DCD-435A-AD82-5C9517BD61D6}.Debug|Any CPU.ActiveCfg = Debug|Any CPU
		{525CE3CD-5DCD-435A-AD82-5C9517BD61D6}.Debug|Any CPU.Build.0 = Debug|Any CPU
		{525CE3CD-5DCD-435A-AD82-5C9517BD61D6}.Release|Any CPU.ActiveCfg = Release|Any CPU
		{525CE3CD-5DCD-435A-AD82-5C9517BD61D6}.Release|Any CPU.Build.0 = Release|Any CPU
	EndGlobalSection
	GlobalSection(SolutionProperties) = preSolution
		HideSolutionNode = FALSE
	EndGlobalSection
	GlobalSection(ExtensibilityGlobals) = postSolution
		SolutionGuid = {549DE6D7-CE85-4B36-A5DE-12CB1A33F6DA}
	EndGlobalSection
EndGlobal
